
Microsoft Visual Studio Solution File, Format Version 12.00
# Visual Studio 14
VisualStudioVersion = 14.0.25420.1
MinimumVisualStudioVersion = 10.0.40219.1
Project("{2150E333-8FDC-42A3-9474-1A3956D46DE8}") = "App", "App", "{B955CE58-5920-486E-95F9-E9D95B3F9CFF}"
EndProject
Project("{2150E333-8FDC-42A3-9474-1A3956D46DE8}") = "WCF", "WCF", "{8F9A739F-30DD-43F6-9C83-E167F6E71B76}"
EndProject
Project("{FAE04EC0-301F-11D3-BF4B-00C04F79EFBC}") = "ClaimDi.Business", "ClaimDi.Business\ClaimDi.Business.csproj", "{433E977B-D608-4723-8940-556ECFB0C9AE}"
EndProject
Project("{FAE04EC0-301F-11D3-BF4B-00C04F79EFBC}") = "ClaimDi.DataAccess", "ClaimDi.DataAccess\ClaimDi.DataAccess.csproj", "{5A910E90-04FD-47BD-857E-4C9ED20F4C7E}"
EndProject
Project("{FAE04EC0-301F-11D3-BF4B-00C04F79EFBC}") = "ClaimDi.Intergration", "ClaimDi.Intergration\ClaimDi.Intergration.csproj", "{A52BBEE8-FCFA-4996-9462-D7BDB1B556A3}"
EndProject
Project("{FAE04EC0-301F-11D3-BF4B-00C04F79EFBC}") = "ClaimDi.WCF.Insurer", "ClaimDi.WCF.Public\ClaimDi.WCF.Insurer.csproj", "{0B66A8EB-7EE1-4F91-A4AC-B5CFD7030C2E}"
EndProject
Project("{FAE04EC0-301F-11D3-BF4B-00C04F79EFBC}") = "Consumer.Web.TH", "App\Consumer.Web.TH\Consumer.Web.TH.csproj", "{EDEB6FAB-8B41-4CB8-BA13-48F5475114F5}"
EndProject
Global
	GlobalSection(SolutionConfigurationPlatforms) = preSolution
		Debug|Any CPU = Debug|Any CPU
		Release|Any CPU = Release|Any CPU
	EndGlobalSection
	GlobalSection(ProjectConfigurationPlatforms) = postSolution
		{433E977B-D608-4723-8940-556ECFB0C9AE}.Debug|Any CPU.ActiveCfg = Debug|Any CPU
		{433E977B-D608-4723-8940-556ECFB0C9AE}.Debug|Any CPU.Build.0 = Debug|Any CPU
		{433E977B-D608-4723-8940-556ECFB0C9AE}.Release|Any CPU.ActiveCfg = Release|Any CPU
		{433E977B-D608-4723-8940-556ECFB0C9AE}.Release|Any CPU.Build.0 = Release|Any CPU
		{5A910E90-04FD-47BD-857E-4C9ED20F4C7E}.Debug|Any CPU.ActiveCfg = Debug|Any CPU
		{5A910E90-04FD-47BD-857E-4C9ED20F4C7E}.Debug|Any CPU.Build.0 = Debug|Any CPU
		{5A910E90-04FD-47BD-857E-4C9ED20F4C7E}.Release|Any CPU.ActiveCfg = Release|Any CPU
		{5A910E90-04FD-47BD-857E-4C9ED20F4C7E}.Release|Any CPU.Build.0 = Release|Any CPU
		{A52BBEE8-FCFA-4996-9462-D7BDB1B556A3}.Debug|Any CPU.ActiveCfg = Debug|Any CPU
		{A52BBEE8-FCFA-4996-9462-D7BDB1B556A3}.Debug|Any CPU.Build.0 = Debug|Any CPU
		{A52BBEE8-FCFA-4996-9462-D7BDB1B556A3}.Release|Any CPU.ActiveCfg = Release|Any CPU
		{A52BBEE8-FCFA-4996-9462-D7BDB1B556A3}.Release|Any CPU.Build.0 = Release|Any CPU
		{0B66A8EB-7EE1-4F91-A4AC-B5CFD7030C2E}.Debug|Any CPU.ActiveCfg = Debug|Any CPU
		{0B66A8EB-7EE1-4F91-A4AC-B5CFD7030C2E}.Debug|Any CPU.Build.0 = Debug|Any CPU
		{0B66A8EB-7EE1-4F91-A4AC-B5CFD7030C2E}.Release|Any CPU.ActiveCfg = Release|Any CPU
		{0B66A8EB-7EE1-4F91-A4AC-B5CFD7030C2E}.Release|Any CPU.Build.0 = Release|Any CPU
		{EDEB6FAB-8B41-4CB8-BA13-48F5475114F5}.Debug|Any CPU.ActiveCfg = Debug|Any CPU
		{EDEB6FAB-8B41-4CB8-BA13-48F5475114F5}.Debug|Any CPU.Build.0 = Debug|Any CPU
		{EDEB6FAB-8B41-4CB8-BA13-48F5475114F5}.Release|Any CPU.ActiveCfg = Release|Any CPU
		{EDEB6FAB-8B41-4CB8-BA13-48F5475114F5}.Release|Any CPU.Build.0 = Release|Any CPU
	EndGlobalSection
	GlobalSection(SolutionProperties) = preSolution
		HideSolutionNode = FALSE
	EndGlobalSection
	GlobalSection(NestedProjects) = preSolution
		{0B66A8EB-7EE1-4F91-A4AC-B5CFD7030C2E} = {8F9A739F-30DD-43F6-9C83-E167F6E71B76}
		{EDEB6FAB-8B41-4CB8-BA13-48F5475114F5} = {B955CE58-5920-486E-95F9-E9D95B3F9CFF}
	EndGlobalSection
EndGlobal
